
Microsoft Visual Studio Solution File, Format Version 12.00
# Visual Studio Version 17
VisualStudioVersion = 17.0.32126.317
MinimumVisualStudioVersion = 10.0.40219.1
Project("{9A19103F-16F7-4668-BE54-9A1E7A4F7556}") = "CustomerDB", "CustomerDB\CustomerDB.csproj", "{F281B6A2-A431-47D8-8D77-D7B544983EF6}"
EndProject
Global
	GlobalSection(SolutionConfigurationPlatforms) = preSolution
		Debug|Any CPU = Debug|Any CPU
		Release|Any CPU = Release|Any CPU
	EndGlobalSection
	GlobalSection(ProjectConfigurationPlatforms) = postSolution
		{F281B6A2-A431-47D8-8D77-D7B544983EF6}.Debug|Any CPU.ActiveCfg = Debug|Any CPU
		{F281B6A2-A431-47D8-8D77-D7B544983EF6}.Debug|Any CPU.Build.0 = Debug|Any CPU
		{F281B6A2-A431-47D8-8D77-D7B544983EF6}.Release|Any CPU.ActiveCfg = Release|Any CPU
		{F281B6A2-A431-47D8-8D77-D7B544983EF6}.Release|Any CPU.Build.0 = Release|Any CPU
		{7CFADA9B-D4D5-452D-9E18-650E3BB5C2FB}.Debug|Any CPU.ActiveCfg = Debug|Any CPU
		{7CFADA9B-D4D5-452D-9E18-650E3BB5C2FB}.Debug|Any CPU.Build.0 = Debug|Any CPU
		{7CFADA9B-D4D5-452D-9E18-650E3BB5C2FB}.Release|Any CPU.ActiveCfg = Release|Any CPU
		{7CFADA9B-D4D5-452D-9E18-650E3BB5C2FB}.Release|Any CPU.Build.0 = Release|Any CPU
	EndGlobalSection
	GlobalSection(SolutionProperties) = preSolution
		HideSolutionNode = FALSE
	EndGlobalSection
	GlobalSection(ExtensibilityGlobals) = postSolution
		SolutionGuid = {70E07315-9C21-469F-BEC5-13C233BBE147}
	EndGlobalSection
EndGlobal
